lockfileVersion: 5.4

importers:

  .:
    specifiers:
      '@rascode/hello': workspace:*
      '@rascode/world': workspace:*
    dependencies:
      '@rascode/hello': link:packages/hello
      '@rascode/world': link:packages/world

  packages/hello:
    specifiers:
      dotenv: ^16.0.3
    dependencies:
      dotenv: 16.0.3

  packages/world:
    specifiers: {}

packages:

  /dotenv/16.0.3:
    resolution: {integrity: sha512-7GO6HghkA5fYG9TYnNxi14/7K9f5occMlp3zXAuSxn7CKCxt9xbNWG7yF8hTCSUchlfWSe3uLmlPfigevRItzQ==}
    engines: {node: '>=12'}
    dev: false
